
Microsoft Visual Studio Solution File, Format Version 12.00
# Visual Studio Version 17
VisualStudioVersion = 17.11.35219.272
MinimumVisualStudioVersion = 10.0.40219.1
Project("{2150E333-8FDC-42A3-9474-1A3956D46DE8}") = "Services", "Services", "{E64ED5F7-04F5-445A-9AD1-9FBE731208B8}"
EndProject
Project("{2150E333-8FDC-42A3-9474-1A3956D46DE8}") = "UserManagementService", "UserManagementService", "{56D2432D-14F8-458C-8590-62A55A7229D8}"
EndProject
Project("{2150E333-8FDC-42A3-9474-1A3956D46DE8}") = "JobListingService", "JobListingService", "{EE3D0C5C-898D-49EA-BEB0-1EAD91791110}"
EndProject
Project("{2150E333-8FDC-42A3-9474-1A3956D46DE8}") = "ResumeParsingService", "ResumeParsingService", "{7465CAB9-FA8F-44DE-875B-587BE0CD254B}"
EndProject
Project("{2150E333-8FDC-42A3-9474-1A3956D46DE8}") = "CurriculumBuilderService", "CurriculumBuilderService", "{FFBAA92E-0EA9-4191-9E45-102BEAFB25F1}"
EndProject
Project("{2150E333-8FDC-42A3-9474-1A3956D46DE8}") = "TechnicalScreeningService", "TechnicalScreeningService", "{C86D293C-4EC2-4D40-BFA6-3DCA280D1CE9}"
EndProject
Project("{2150E333-8FDC-42A3-9474-1A3956D46DE8}") = "ReferenceGroupService", "ReferenceGroupService", "{83F66B80-3FFA-46AC-9BCF-8BC3EB1E8B34}"
EndProject
Project("{2150E333-8FDC-42A3-9474-1A3956D46DE8}") = "NotificationService", "NotificationService", "{6D9E1022-87A0-4C6E-B5FD-4EC6003433A7}"
EndProject
Project("{2150E333-8FDC-42A3-9474-1A3956D46DE8}") = "ApiGateways", "ApiGateways", "{910B138A-C3D7-4283-BEEC-1FF06E9FC6D2}"
EndProject
Project("{2150E333-8FDC-42A3-9474-1A3956D46DE8}") = "Infrastructure", "Infrastructure", "{3C53B053-EA6B-4D2C-B2C2-9468DE4F28DF}"
EndProject
Project("{2150E333-8FDC-42A3-9474-1A3956D46DE8}") = "CI-CD", "CI-CD", "{1B2637F6-7B7E-4ABF-9AD6-20D948B8DB82}"
EndProject
Project("{2150E333-8FDC-42A3-9474-1A3956D46DE8}") = "Documentation", "Documentation", "{EBD08065-0675-4206-8769-D73D8FAB0AF5}"
EndProject
Global
	GlobalSection(SolutionProperties) = preSolution
		HideSolutionNode = FALSE
	EndGlobalSection
	GlobalSection(NestedProjects) = preSolution
		{56D2432D-14F8-458C-8590-62A55A7229D8} = {E64ED5F7-04F5-445A-9AD1-9FBE731208B8}
		{EE3D0C5C-898D-49EA-BEB0-1EAD91791110} = {E64ED5F7-04F5-445A-9AD1-9FBE731208B8}
		{7465CAB9-FA8F-44DE-875B-587BE0CD254B} = {E64ED5F7-04F5-445A-9AD1-9FBE731208B8}
		{FFBAA92E-0EA9-4191-9E45-102BEAFB25F1} = {E64ED5F7-04F5-445A-9AD1-9FBE731208B8}
		{C86D293C-4EC2-4D40-BFA6-3DCA280D1CE9} = {E64ED5F7-04F5-445A-9AD1-9FBE731208B8}
		{83F66B80-3FFA-46AC-9BCF-8BC3EB1E8B34} = {E64ED5F7-04F5-445A-9AD1-9FBE731208B8}
		{6D9E1022-87A0-4C6E-B5FD-4EC6003433A7} = {E64ED5F7-04F5-445A-9AD1-9FBE731208B8}
	EndGlobalSection
	GlobalSection(ExtensibilityGlobals) = postSolution
		SolutionGuid = {C3DA85D6-EE62-4270-BFC2-50E04C8DF248}
	EndGlobalSection
EndGlobal
